
Microsoft Visual Studio Solution File, Format Version 12.00
# Visual Studio Version 16
VisualStudioVersion = 16.0.31624.102
MinimumVisualStudioVersion = 10.0.40219.1
Project("{FAE04EC0-301F-11D3-BF4B-00C04F79EFBC}") = "W6 Personal Training", "W6 Personal Training\W6 Personal Training.csproj", "{00766468-0C3E-444C-8264-1C28D3F9D332}"
EndProject
Project("{FAE04EC0-301F-11D3-BF4B-00C04F79EFBC}") = "Method Hiding", "Method Hiding\Method Hiding.csproj", "{FA40FA23-23B3-4064-842A-CEB1D7825675}"
EndProject
Project("{FAE04EC0-301F-11D3-BF4B-00C04F79EFBC}") = "Polymorphism", "Polymorphism\Polymorphism.csproj", "{725A1C6B-08CB-46E1-927C-186F2AE92546}"
EndProject
Project("{FAE04EC0-301F-11D3-BF4B-00C04F79EFBC}") = "Method Hide and Overide", "Method Hide and Overide\Method Hide and Overide.csproj", "{6BBA17B0-E930-4767-9F65-EF6F407BB499}"
EndProject
Project("{FAE04EC0-301F-11D3-BF4B-00C04F79EFBC}") = "Method Overloading", "Method Overloading\Method Overloading.csproj", "{9A77621A-58F6-401C-B638-78230DF3A451}"
EndProject
Project("{FAE04EC0-301F-11D3-BF4B-00C04F79EFBC}") = "Properties", "Properties\Properties.csproj", "{84E85C0F-2445-4B02-AD35-C0A442019A4D}"
EndProject
Project("{FAE04EC0-301F-11D3-BF4B-00C04F79EFBC}") = "Structs", "Structs\Structs.csproj", "{2B1F522B-97E1-43E6-B5E9-30FFE811FEB9}"
EndProject
Global
	GlobalSection(SolutionConfigurationPlatforms) = preSolution
		Debug|Any CPU = Debug|Any CPU
		Release|Any CPU = Release|Any CPU
	EndGlobalSection
	GlobalSection(ProjectConfigurationPlatforms) = postSolution
		{00766468-0C3E-444C-8264-1C28D3F9D332}.Debug|Any CPU.ActiveCfg = Debug|Any CPU
		{00766468-0C3E-444C-8264-1C28D3F9D332}.Debug|Any CPU.Build.0 = Debug|Any CPU
		{00766468-0C3E-444C-8264-1C28D3F9D332}.Release|Any CPU.ActiveCfg = Release|Any CPU
		{00766468-0C3E-444C-8264-1C28D3F9D332}.Release|Any CPU.Build.0 = Release|Any CPU
		{FA40FA23-23B3-4064-842A-CEB1D7825675}.Debug|Any CPU.ActiveCfg = Debug|Any CPU
		{FA40FA23-23B3-4064-842A-CEB1D7825675}.Debug|Any CPU.Build.0 = Debug|Any CPU
		{FA40FA23-23B3-4064-842A-CEB1D7825675}.Release|Any CPU.ActiveCfg = Release|Any CPU
		{FA40FA23-23B3-4064-842A-CEB1D7825675}.Release|Any CPU.Build.0 = Release|Any CPU
		{725A1C6B-08CB-46E1-927C-186F2AE92546}.Debug|Any CPU.ActiveCfg = Debug|Any CPU
		{725A1C6B-08CB-46E1-927C-186F2AE92546}.Debug|Any CPU.Build.0 = Debug|Any CPU
		{725A1C6B-08CB-46E1-927C-186F2AE92546}.Release|Any CPU.ActiveCfg = Release|Any CPU
		{725A1C6B-08CB-46E1-927C-186F2AE92546}.Release|Any CPU.Build.0 = Release|Any CPU
		{6BBA17B0-E930-4767-9F65-EF6F407BB499}.Debug|Any CPU.ActiveCfg = Debug|Any CPU
		{6BBA17B0-E930-4767-9F65-EF6F407BB499}.Debug|Any CPU.Build.0 = Debug|Any CPU
		{6BBA17B0-E930-4767-9F65-EF6F407BB499}.Release|Any CPU.ActiveCfg = Release|Any CPU
		{6BBA17B0-E930-4767-9F65-EF6F407BB499}.Release|Any CPU.Build.0 = Release|Any CPU
		{9A77621A-58F6-401C-B638-78230DF3A451}.Debug|Any CPU.ActiveCfg = Debug|Any CPU
		{9A77621A-58F6-401C-B638-78230DF3A451}.Debug|Any CPU.Build.0 = Debug|Any CPU
		{9A77621A-58F6-401C-B638-78230DF3A451}.Release|Any CPU.ActiveCfg = Release|Any CPU
		{9A77621A-58F6-401C-B638-78230DF3A451}.Release|Any CPU.Build.0 = Release|Any CPU
		{84E85C0F-2445-4B02-AD35-C0A442019A4D}.Debug|Any CPU.ActiveCfg = Debug|Any CPU
		{84E85C0F-2445-4B02-AD35-C0A442019A4D}.Debug|Any CPU.Build.0 = Debug|Any CPU
		{84E85C0F-2445-4B02-AD35-C0A442019A4D}.Release|Any CPU.ActiveCfg = Release|Any CPU
		{84E85C0F-2445-4B02-AD35-C0A442019A4D}.Release|Any CPU.Build.0 = Release|Any CPU
		{2B1F522B-97E1-43E6-B5E9-30FFE811FEB9}.Debug|Any CPU.ActiveCfg = Debug|Any CPU
		{2B1F522B-97E1-43E6-B5E9-30FFE811FEB9}.Debug|Any CPU.Build.0 = Debug|Any CPU
		{2B1F522B-97E1-43E6-B5E9-30FFE811FEB9}.Release|Any CPU.ActiveCfg = Release|Any CPU
		{2B1F522B-97E1-43E6-B5E9-30FFE811FEB9}.Release|Any CPU.Build.0 = Release|Any CPU
	EndGlobalSection
	GlobalSection(SolutionProperties) = preSolution
		HideSolutionNode = FALSE
	EndGlobalSection
	GlobalSection(ExtensibilityGlobals) = postSolution
		SolutionGuid = {C568236F-B665-4B5D-9A3B-05C21F1F6621}
	EndGlobalSection
EndGlobal
